
Microsoft Visual Studio Solution File, Format Version 12.00
# Visual Studio Version 16
VisualStudioVersion = 16.0.31205.134
MinimumVisualStudioVersion = 10.0.40219.1
Project("{FAE04EC0-301F-11D3-BF4B-00C04F79EFBC}") = "Aquatic-Prix", "D:\Instituto superior nuestra señora de la paz\Programacion 5\TP\Aquatic-Prix\Aquatic-Prix.csproj", "{918058D8-22C3-44FF-93A1-0CB22B42B154}"
EndProject
Global
	GlobalSection(SolutionConfigurationPlatforms) = preSolution
		Debug|Any CPU = Debug|Any CPU
		Release|Any CPU = Release|Any CPU
	EndGlobalSection
	GlobalSection(ProjectConfigurationPlatforms) = postSolution
		{918058D8-22C3-44FF-93A1-0CB22B42B154}.Debug|Any CPU.ActiveCfg = Debug|Any CPU
		{918058D8-22C3-44FF-93A1-0CB22B42B154}.Debug|Any CPU.Build.0 = Debug|Any CPU
		{918058D8-22C3-44FF-93A1-0CB22B42B154}.Release|Any CPU.ActiveCfg = Release|Any CPU
		{918058D8-22C3-44FF-93A1-0CB22B42B154}.Release|Any CPU.Build.0 = Release|Any CPU
	EndGlobalSection
	GlobalSection(SolutionProperties) = preSolution
		HideSolutionNode = FALSE
	EndGlobalSection
	GlobalSection(ExtensibilityGlobals) = postSolution
		SolutionGuid = {7E81C146-ED25-46F2-B3DC-3B46FD4CABCA}
	EndGlobalSection
EndGlobal
