
Microsoft Visual Studio Solution File, Format Version 12.00
# Visual Studio Version 16
VisualStudioVersion = 16.0.31515.178
MinimumVisualStudioVersion = 10.0.40219.1
Project("{FAE04EC0-301F-11D3-BF4B-00C04F79EFBC}") = "AquaticApiContacto", "AquaticApiContacto\AquaticApiContacto.csproj", "{AACED8BF-736A-465A-9809-5AC4BC0B3F6F}"
EndProject
Global
	GlobalSection(SolutionConfigurationPlatforms) = preSolution
		Debug|Any CPU = Debug|Any CPU
		Release|Any CPU = Release|Any CPU
	EndGlobalSection
	GlobalSection(ProjectConfigurationPlatforms) = postSolution
		{AACED8BF-736A-465A-9809-5AC4BC0B3F6F}.Debug|Any CPU.ActiveCfg = Debug|Any CPU
		{AACED8BF-736A-465A-9809-5AC4BC0B3F6F}.Debug|Any CPU.Build.0 = Debug|Any CPU
		{AACED8BF-736A-465A-9809-5AC4BC0B3F6F}.Release|Any CPU.ActiveCfg = Release|Any CPU
		{AACED8BF-736A-465A-9809-5AC4BC0B3F6F}.Release|Any CPU.Build.0 = Release|Any CPU
	EndGlobalSection
	GlobalSection(SolutionProperties) = preSolution
		HideSolutionNode = FALSE
	EndGlobalSection
	GlobalSection(ExtensibilityGlobals) = postSolution
		SolutionGuid = {F77CD04E-802D-406F-882A-7B02C0936FB5}
	EndGlobalSection
EndGlobal
